
Microsoft Visual Studio Solution File, Format Version 12.00
# Visual Studio Version 17
VisualStudioVersion = 17.0.31903.59
MinimumVisualStudioVersion = 10.0.40219.1
Project("{FAE04EC0-301F-11D3-BF4B-00C04F79EFBC}") = "university.catalog", "university.catalog\university.catalog.csproj", "{E6E97A80-9074-49FC-9C57-161B699C0C09}"
EndProject
Project("{FAE04EC0-301F-11D3-BF4B-00C04F79EFBC}") = "university.catalog.contracts", "university.catalog.contracts\university.catalog.contracts.csproj", "{5B0BD8E7-8ECC-485C-8A6B-6E7986A144A1}"
EndProject
Global
	GlobalSection(SolutionConfigurationPlatforms) = preSolution
		Debug|Any CPU = Debug|Any CPU
		Release|Any CPU = Release|Any CPU
	EndGlobalSection
	GlobalSection(SolutionProperties) = preSolution
		HideSolutionNode = FALSE
	EndGlobalSection
	GlobalSection(ProjectConfigurationPlatforms) = postSolution
		{E6E97A80-9074-49FC-9C57-161B699C0C09}.Debug|Any CPU.ActiveCfg = Debug|Any CPU
		{E6E97A80-9074-49FC-9C57-161B699C0C09}.Debug|Any CPU.Build.0 = Debug|Any CPU
		{E6E97A80-9074-49FC-9C57-161B699C0C09}.Release|Any CPU.ActiveCfg = Release|Any CPU
		{E6E97A80-9074-49FC-9C57-161B699C0C09}.Release|Any CPU.Build.0 = Release|Any CPU
		{5B0BD8E7-8ECC-485C-8A6B-6E7986A144A1}.Debug|Any CPU.ActiveCfg = Debug|Any CPU
		{5B0BD8E7-8ECC-485C-8A6B-6E7986A144A1}.Debug|Any CPU.Build.0 = Debug|Any CPU
		{5B0BD8E7-8ECC-485C-8A6B-6E7986A144A1}.Release|Any CPU.ActiveCfg = Release|Any CPU
		{5B0BD8E7-8ECC-485C-8A6B-6E7986A144A1}.Release|Any CPU.Build.0 = Release|Any CPU
	EndGlobalSection
EndGlobal
